
Microsoft Visual Studio Solution File, Format Version 12.00
# Visual Studio Version 16
VisualStudioVersion = 16.0.31729.503
MinimumVisualStudioVersion = 10.0.40219.1
Project("{FAE04EC0-301F-11D3-BF4B-00C04F79EFBC}") = "karkas", "karkas\karkas.csproj", "{D104C581-BDC5-4961-AB58-C094D96B9493}"
EndProject
Global
	GlobalSection(SolutionConfigurationPlatforms) = preSolution
		Debug|Any CPU = Debug|Any CPU
		Release|Any CPU = Release|Any CPU
	EndGlobalSection
	GlobalSection(ProjectConfigurationPlatforms) = postSolution
		{D104C581-BDC5-4961-AB58-C094D96B9493}.Debug|Any CPU.ActiveCfg = Debug|Any CPU
		{D104C581-BDC5-4961-AB58-C094D96B9493}.Debug|Any CPU.Build.0 = Debug|Any CPU
		{D104C581-BDC5-4961-AB58-C094D96B9493}.Release|Any CPU.ActiveCfg = Release|Any CPU
		{D104C581-BDC5-4961-AB58-C094D96B9493}.Release|Any CPU.Build.0 = Release|Any CPU
	EndGlobalSection
	GlobalSection(SolutionProperties) = preSolution
		HideSolutionNode = FALSE
	EndGlobalSection
	GlobalSection(ExtensibilityGlobals) = postSolution
		SolutionGuid = {4674B2E5-DA85-4E1A-A725-8FD711C504AA}
	EndGlobalSection
EndGlobal
